{
  "version": 4,
  "terraform_version": "1.9.7",
  "serial": 294,
  "lineage": "7bf26464-51a2-509c-abdd-1b953a20998e",
  "outputs": {
    "eip": {
      "value": [
        "$aws_instance.controller.*.public_ip"
      ],
      "type": [
        "tuple",
        [
          "string"
        ]
      ]
    }
  },
  "resources": [
    {
      "mode": "managed",
      "type": "local_file",
      "name": "ansible_inventory",
      "provider": "provider[\"registry.terraform.io/hashicorp/local\"]",
      "instances": [
        {
          "schema_version": 0,
          "attributes": {
            "content": "[master]\nkubeadm-controller ansible_host=35.89.103.147 ansible_user=ubuntu\n\n[workers]\nkubeadm-node-0 ansible_host=54.190.158.244 ansible_user=ubuntu\n",
            "content_base64": null,
            "content_base64sha256": "UnbHOkMxWSay7rQMZiOIc09rPD5TgF5aFxjItdIzR0s=",
            "content_base64sha512": "V0lpQKG7SmGHi98steq1J9vwdY9vcQHdwAO2oc/RpH9bTVRJTe8lazk2VYouYsev9s9jOBOSLGBGSBRlBJ1uTQ==",
            "content_md5": "1e3c4e7a721bac62d83c8841877387c7",
            "content_sha1": "7ec9b55a54e3312a4dec38ad4c91f8035c236204",
            "content_sha256": "5276c73a43315926b2eeb40c662388734f6b3c3e53805e5a1718c8b5d233474b",
            "content_sha512": "57496940a1bb4a61878bdf2cb5eab527dbf0758f6f7101ddc003b6a1cfd1a47f5b4d54494def256b3936558a2e62c7aff6cf633813922c6046481465049d6e4d",
            "directory_permission": "0777",
            "file_permission": "0777",
            "filename": "../inventory.ini",
            "id": "7ec9b55a54e3312a4dec38ad4c91f8035c236204",
            "sensitive_content": null,
            "source": null
          },
          "sensitive_attributes": [
            [
              {
                "type": "get_attr",
                "value": "sensitive_content"
              }
            ]
          ],
          "dependencies": [
            "module.controller.aws_instance.controller",
            "module.controller.data.aws_vpc.default_vpc",
            "module.sg-create.aws_security_group.allow_tls_http_ssh",
            "module.vpc.aws_subnet.public_subnet_1",
            "module.vpc.aws_vpc.vpc",
            "module.workers.aws_instance.workers",
            "module.workers.data.aws_vpc.default_vpc"
          ]
        }
      ]
    },
    {
      "mode": "managed",
      "type": "null_resource",
      "name": "execute-playbook",
      "provider": "provider[\"registry.terraform.io/hashicorp/null\"]",
      "instances": [
        {
          "schema_version": 0,
          "attributes": {
            "id": "5299061572958034829",
            "triggers": null
          },
          "sensitive_attributes": [],
          "dependencies": [
            "local_file.ansible_inventory",
            "module.controller.aws_instance.controller",
            "module.controller.data.aws_vpc.default_vpc",
            "module.sg-create.aws_security_group.allow_tls_http_ssh",
            "module.vpc.aws_subnet.public_subnet_1",
            "module.vpc.aws_vpc.vpc",
            "module.workers.aws_instance.workers",
            "module.workers.data.aws_vpc.default_vpc"
          ]
        }
      ]
    },
    {
      "module": "module.controller",
      "mode": "data",
      "type": "aws_vpc",
      "name": "default_vpc",
      "provider": "provider[\"registry.terraform.io/hashicorp/aws\"]",
      "instances": [
        {
          "schema_version": 0,
          "attributes": {
            "arn": "arn:aws:ec2:us-west-2:016666638655:vpc/vpc-0a6e45b70546e5b1f",
            "cidr_block": "172.31.0.0/16",
            "cidr_block_associations": [
              {
                "association_id": "vpc-cidr-assoc-04219a60e8b30434b",
                "cidr_block": "172.31.0.0/16",
                "state": "associated"
              }
            ],
            "default": true,
            "dhcp_options_id": "dopt-0b6ff7ef210665b90",
            "enable_dns_hostnames": true,
            "enable_dns_support": true,
            "enable_network_address_usage_metrics": false,
            "filter": null,
            "id": "vpc-0a6e45b70546e5b1f",
            "instance_tenancy": "default",
            "ipv6_association_id": "",
            "ipv6_cidr_block": "",
            "main_route_table_id": "rtb-070e503ae24341122",
            "owner_id": "016666638655",
            "state": null,
            "tags": {},
            "timeouts": null
          },
          "sensitive_attributes": []
        }
      ]
    },
    {
      "module": "module.controller",
      "mode": "managed",
      "type": "aws_instance",
      "name": "controller",
      "provider": "provider[\"registry.terraform.io/hashicorp/aws\"]",
      "instances": [
        {
          "schema_version": 1,
          "attributes": {
            "ami": "ami-04dd23e62ed049936",
            "arn": "arn:aws:ec2:us-west-2:016666638655:instance/i-04526325696b72801",
            "associate_public_ip_address": true,
            "availability_zone": "us-west-2a",
            "capacity_reservation_specification": [
              {
                "capacity_reservation_preference": "open",
                "capacity_reservation_target": []
              }
            ],
            "cpu_core_count": 2,
            "cpu_options": [
              {
                "amd_sev_snp": "",
                "core_count": 2,
                "threads_per_core": 1
              }
            ],
            "cpu_threads_per_core": 1,
            "credit_specification": [
              {
                "cpu_credits": "standard"
              }
            ],
            "disable_api_stop": false,
            "disable_api_termination": false,
            "ebs_block_device": [],
            "ebs_optimized": false,
            "enclave_options": [
              {
                "enabled": false
              }
            ],
            "ephemeral_block_device": [],
            "get_password_data": false,
            "hibernation": false,
            "host_id": "",
            "host_resource_group_arn": null,
            "iam_instance_profile": "",
            "id": "i-04526325696b72801",
            "instance_initiated_shutdown_behavior": "stop",
            "instance_lifecycle": "",
            "instance_market_options": [],
            "instance_state": "running",
            "instance_type": "t2.medium",
            "ipv6_address_count": 0,
            "ipv6_addresses": [],
            "key_name": "cluster_key",
            "launch_template": [],
            "maintenance_options": [
              {
                "auto_recovery": "default"
              }
            ],
            "metadata_options": [
              {
                "http_endpoint": "enabled",
                "http_protocol_ipv6": "disabled",
                "http_put_response_hop_limit": 2,
                "http_tokens": "required",
                "instance_metadata_tags": "disabled"
              }
            ],
            "monitoring": false,
            "network_interface": [],
            "outpost_arn": "",
            "password_data": "",
            "placement_group": "",
            "placement_partition_number": 0,
            "primary_network_interface_id": "eni-0ca4f4c0c1c40838f",
            "private_dns": "ip-10-0-1-253.us-west-2.compute.internal",
            "private_dns_name_options": [
              {
                "enable_resource_name_dns_a_record": false,
                "enable_resource_name_dns_aaaa_record": false,
                "hostname_type": "ip-name"
              }
            ],
            "private_ip": "10.0.1.253",
            "public_dns": "",
            "public_ip": "35.89.103.147",
            "root_block_device": [
              {
                "delete_on_termination": true,
                "device_name": "/dev/sda1",
                "encrypted": false,
                "iops": 3000,
                "kms_key_id": "",
                "tags": null,
                "tags_all": {},
                "throughput": 125,
                "volume_id": "vol-0c48894bfe0ecdfb9",
                "volume_size": 8,
                "volume_type": "gp3"
              }
            ],
            "secondary_private_ips": [],
            "security_groups": [
              "sg-0ccaa714ed9d7b553"
            ],
            "source_dest_check": true,
            "spot_instance_request_id": "",
            "subnet_id": "subnet-0fdb7550d9a0ed0be",
            "tags": {
              "Name": "controler",
              "project": "kube-auto",
              "terraform": "true"
            },
            "tags_all": {
              "Name": "controler",
              "project": "kube-auto",
              "terraform": "true"
            },
            "tenancy": "default",
            "timeouts": null,
            "user_data": null,
            "user_data_base64": null,
            "user_data_replace_on_change": false,
            "volume_tags": null,
            "vpc_security_group_ids": [
              "sg-0ccaa714ed9d7b553"
            ]
          },
          "sensitive_attributes": [],
          "private": "eyJlMmJmYjczMC1lY2FhLTExZTYtOGY4OC0zNDM2M2JjN2M0YzAiOnsiY3JlYXRlIjo2MDAwMDAwMDAwMDAsImRlbGV0ZSI6MTIwMDAwMDAwMDAwMCwicmVhZCI6OTAwMDAwMDAwMDAwLCJ1cGRhdGUiOjYwMDAwMDAwMDAwMH0sInNjaGVtYV92ZXJzaW9uIjoiMSJ9",
          "dependencies": [
            "module.sg-create.aws_security_group.allow_tls_http_ssh",
            "module.vpc.aws_subnet.public_subnet_1",
            "module.vpc.aws_vpc.vpc"
          ]
        }
      ]
    },
    {
      "module": "module.key-pair-create",
      "mode": "managed",
      "type": "aws_key_pair",
      "name": "k8s_cluster_key",
      "provider": "provider[\"registry.terraform.io/hashicorp/aws\"]",
      "instances": [
        {
          "schema_version": 1,
          "attributes": {
            "arn": "arn:aws:ec2:us-west-2:016666638655:key-pair/cluster_key",
            "fingerprint": "29:74:c1:06:76:d0:dd:92:41:bb:df:f5:b2:bd:a8:98",
            "id": "cluster_key",
            "key_name": "cluster_key",
            "key_name_prefix": "",
            "key_pair_id": "key-037eb21a4dcfaf38a",
            "key_type": "rsa",
            "public_key": "ssh-rsa AAAAB3NzaC1yc2EAAAADAQABAAACAQClSkYFH2OAnaff4aoUniNvJz0UcVuC2gNw+n//gq1rH/H+pkUA0RZiy/tLO9jUkQn6MCxOuCkLi9/+UGEQ+gLchIjNzxroVaAPGPZEjolqP8Er7RIrm1R8S3Az25xbSNR2E9AXx/dqdzXEV93KSyTxwx7mftMtaXqPgP6VBSVkIVTbgfZeonel08rtoI9V588TIdXkRSufzZdRdCfaqdOjRu4v3RpiMdTgXwh3bl97ciSr0RFGDyIwdJpx5hCuywOuZZ1HQZSCJeDE7/Vva3DfS++IbcpPmsUAOLlL+YGPiWCS0tEi+yomcOmCnZLed7ebY32Acau0pr4DFcAVDzBAcTYkN200SaG9xP6I3xkYuGdhJsPH4mwbe4WdBw+mA/+YPSyPJV9MQM4WzenW/C/7PcWQ2q13aHr053ksRPJw3Xvlx2KWAiKIxLw3/nhfnlr0og14+S1goX+cvquXsGxhoQCc/v1uuDLeSX8qxyQheLV73vSYc8dwUB8m1iPU/k0+pr2TQRv2tTTYE067xovWYKiu9pzASR1XqSd7xif2BewrfV9Fzl20hpe9JVWyf3uN/knH6ZVvi7PzBAeLhMXRpC0clz0uvtDQlx46A8HiTql2VSbGFxuBKdFq5zF0yWlexpE6rJ7eVcsZtmVD9oz2f0DJQIrwZt7vw9j96PgpmQ== yusuf",
            "tags": {
              "Environment": "test",
              "Name": "k8s-key",
              "Terraform": "true"
            },
            "tags_all": {
              "Environment": "test",
              "Name": "k8s-key",
              "Terraform": "true"
            }
          },
          "sensitive_attributes": [],
          "private": "eyJzY2hlbWFfdmVyc2lvbiI6IjEifQ=="
        }
      ]
    },
    {
      "module": "module.sg-create",
      "mode": "managed",
      "type": "aws_security_group",
      "name": "allow_tls_http_ssh",
      "provider": "provider[\"registry.terraform.io/hashicorp/aws\"]",
      "instances": [
        {
          "schema_version": 1,
          "attributes": {
            "arn": "arn:aws:ec2:us-west-2:016666638655:security-group/sg-0ccaa714ed9d7b553",
            "description": "Allow all inbound traffic",
            "egress": [
              {
                "cidr_blocks": [
                  "0.0.0.0/0"
                ],
                "description": "Allow All for Egress",
                "from_port": 0,
                "ipv6_cidr_blocks": [
                  "::/0"
                ],
                "prefix_list_ids": [],
                "protocol": "-1",
                "security_groups": [],
                "self": false,
                "to_port": 0
              }
            ],
            "id": "sg-0ccaa714ed9d7b553",
            "ingress": [
              {
                "cidr_blocks": [
                  "0.0.0.0/0"
                ],
                "description": "HTTP",
                "from_port": 80,
                "ipv6_cidr_blocks": [
                  "::/0"
                ],
                "prefix_list_ids": [],
                "protocol": "tcp",
                "security_groups": [],
                "self": false,
                "to_port": 80
              },
              {
                "cidr_blocks": [
                  "0.0.0.0/0"
                ],
                "description": "SSH",
                "from_port": 22,
                "ipv6_cidr_blocks": [
                  "::/0"
                ],
                "prefix_list_ids": [],
                "protocol": "tcp",
                "security_groups": [],
                "self": false,
                "to_port": 22
              },
              {
                "cidr_blocks": [
                  "0.0.0.0/0"
                ],
                "description": "TLS",
                "from_port": 443,
                "ipv6_cidr_blocks": [
                  "::/0"
                ],
                "prefix_list_ids": [],
                "protocol": "tcp",
                "security_groups": [],
                "self": false,
                "to_port": 443
              },
              {
                "cidr_blocks": [
                  "0.0.0.0/0"
                ],
                "description": "TLS",
                "from_port": 6443,
                "ipv6_cidr_blocks": [
                  "::/0"
                ],
                "prefix_list_ids": [],
                "protocol": "tcp",
                "security_groups": [],
                "self": false,
                "to_port": 6443
              }
            ],
            "name": "k8s-sg-blog",
            "name_prefix": "",
            "owner_id": "016666638655",
            "revoke_rules_on_delete": false,
            "tags": {
              "Environment": "test",
              "Name": "k8s-sg-blog",
              "Terraform": "true"
            },
            "tags_all": {
              "Environment": "test",
              "Name": "k8s-sg-blog",
              "Terraform": "true"
            },
            "timeouts": null,
            "vpc_id": "vpc-0a53541d4231ed572"
          },
          "sensitive_attributes": [],
          "private": "eyJlMmJmYjczMC1lY2FhLTExZTYtOGY4OC0zNDM2M2JjN2M0YzAiOnsiY3JlYXRlIjo2MDAwMDAwMDAwMDAsImRlbGV0ZSI6OTAwMDAwMDAwMDAwfSwic2NoZW1hX3ZlcnNpb24iOiIxIn0=",
          "dependencies": [
            "module.vpc.aws_vpc.vpc"
          ]
        }
      ]
    },
    {
      "module": "module.vpc",
      "mode": "managed",
      "type": "aws_internet_gateway",
      "name": "igw",
      "provider": "provider[\"registry.terraform.io/hashicorp/aws\"]",
      "instances": [
        {
          "schema_version": 0,
          "attributes": {
            "arn": "arn:aws:ec2:us-west-2:016666638655:internet-gateway/igw-08208682494263ee1",
            "id": "igw-08208682494263ee1",
            "owner_id": "016666638655",
            "tags": {
              "Name": "VPC-WebApp-Gateway"
            },
            "tags_all": {
              "Name": "VPC-WebApp-Gateway"
            },
            "timeouts": null,
            "vpc_id": "vpc-0a53541d4231ed572"
          },
          "sensitive_attributes": [],
          "private": "eyJlMmJmYjczMC1lY2FhLTExZTYtOGY4OC0zNDM2M2JjN2M0YzAiOnsiY3JlYXRlIjoxMjAwMDAwMDAwMDAwLCJkZWxldGUiOjEyMDAwMDAwMDAwMDAsInVwZGF0ZSI6MTIwMDAwMDAwMDAwMH19",
          "dependencies": [
            "module.vpc.aws_vpc.vpc"
          ]
        }
      ]
    },
    {
      "module": "module.vpc",
      "mode": "managed",
      "type": "aws_route_table",
      "name": "public_subnet_1_route_table",
      "provider": "provider[\"registry.terraform.io/hashicorp/aws\"]",
      "instances": [
        {
          "schema_version": 0,
          "attributes": {
            "arn": "arn:aws:ec2:us-west-2:016666638655:route-table/rtb-07793f7ee77e283f3",
            "id": "rtb-07793f7ee77e283f3",
            "owner_id": "016666638655",
            "propagating_vgws": [],
            "route": [
              {
                "carrier_gateway_id": "",
                "cidr_block": "0.0.0.0/0",
                "core_network_arn": "",
                "destination_prefix_list_id": "",
                "egress_only_gateway_id": "",
                "gateway_id": "igw-08208682494263ee1",
                "ipv6_cidr_block": "",
                "local_gateway_id": "",
                "nat_gateway_id": "",
                "network_interface_id": "",
                "transit_gateway_id": "",
                "vpc_endpoint_id": "",
                "vpc_peering_connection_id": ""
              }
            ],
            "tags": {
              "Name": "public_subnet_1_route_table"
            },
            "tags_all": {
              "Name": "public_subnet_1_route_table"
            },
            "timeouts": null,
            "vpc_id": "vpc-0a53541d4231ed572"
          },
          "sensitive_attributes": [],
          "private": "eyJlMmJmYjczMC1lY2FhLTExZTYtOGY4OC0zNDM2M2JjN2M0YzAiOnsiY3JlYXRlIjozMDAwMDAwMDAwMDAsImRlbGV0ZSI6MzAwMDAwMDAwMDAwLCJ1cGRhdGUiOjEyMDAwMDAwMDAwMH19",
          "dependencies": [
            "module.vpc.aws_internet_gateway.igw",
            "module.vpc.aws_vpc.vpc"
          ]
        }
      ]
    },
    {
      "module": "module.vpc",
      "mode": "managed",
      "type": "aws_route_table_association",
      "name": "Public_1",
      "provider": "provider[\"registry.terraform.io/hashicorp/aws\"]",
      "instances": [
        {
          "schema_version": 0,
          "attributes": {
            "gateway_id": "",
            "id": "rtbassoc-0e04f3d891de00229",
            "route_table_id": "rtb-07793f7ee77e283f3",
            "subnet_id": "subnet-0fdb7550d9a0ed0be",
            "timeouts": null
          },
          "sensitive_attributes": [],
          "private": "eyJlMmJmYjczMC1lY2FhLTExZTYtOGY4OC0zNDM2M2JjN2M0YzAiOnsiY3JlYXRlIjozMDAwMDAwMDAwMDAsImRlbGV0ZSI6MzAwMDAwMDAwMDAwLCJ1cGRhdGUiOjEyMDAwMDAwMDAwMH19",
          "dependencies": [
            "module.vpc.aws_internet_gateway.igw",
            "module.vpc.aws_route_table.public_subnet_1_route_table",
            "module.vpc.aws_subnet.public_subnet_1",
            "module.vpc.aws_vpc.vpc"
          ]
        }
      ]
    },
    {
      "module": "module.vpc",
      "mode": "managed",
      "type": "aws_subnet",
      "name": "public_subnet_1",
      "provider": "provider[\"registry.terraform.io/hashicorp/aws\"]",
      "instances": [
        {
          "schema_version": 1,
          "attributes": {
            "arn": "arn:aws:ec2:us-west-2:016666638655:subnet/subnet-0fdb7550d9a0ed0be",
            "assign_ipv6_address_on_creation": false,
            "availability_zone": "us-west-2a",
            "availability_zone_id": "usw2-az2",
            "cidr_block": "10.0.1.0/24",
            "customer_owned_ipv4_pool": "",
            "enable_dns64": false,
            "enable_lni_at_device_index": 0,
            "enable_resource_name_dns_a_record_on_launch": false,
            "enable_resource_name_dns_aaaa_record_on_launch": false,
            "id": "subnet-0fdb7550d9a0ed0be",
            "ipv6_cidr_block": "",
            "ipv6_cidr_block_association_id": "",
            "ipv6_native": false,
            "map_customer_owned_ip_on_launch": false,
            "map_public_ip_on_launch": true,
            "outpost_arn": "",
            "owner_id": "016666638655",
            "private_dns_hostname_type_on_launch": "ip-name",
            "tags": {
              "Name": "Public_subnet_Web_1"
            },
            "tags_all": {
              "Name": "Public_subnet_Web_1"
            },
            "timeouts": null,
            "vpc_id": "vpc-0a53541d4231ed572"
          },
          "sensitive_attributes": [],
          "private": "eyJlMmJmYjczMC1lY2FhLTExZTYtOGY4OC0zNDM2M2JjN2M0YzAiOnsiY3JlYXRlIjo2MDAwMDAwMDAwMDAsImRlbGV0ZSI6MTIwMDAwMDAwMDAwMH0sInNjaGVtYV92ZXJzaW9uIjoiMSJ9",
          "dependencies": [
            "module.vpc.aws_vpc.vpc"
          ]
        }
      ]
    },
    {
      "module": "module.vpc",
      "mode": "managed",
      "type": "aws_vpc",
      "name": "vpc",
      "provider": "provider[\"registry.terraform.io/hashicorp/aws\"]",
      "instances": [
        {
          "schema_version": 1,
          "attributes": {
            "arn": "arn:aws:ec2:us-west-2:016666638655:vpc/vpc-0a53541d4231ed572",
            "assign_generated_ipv6_cidr_block": false,
            "cidr_block": "10.0.0.0/16",
            "default_network_acl_id": "acl-04dba52b551c01539",
            "default_route_table_id": "rtb-03f0252cfeae57ba6",
            "default_security_group_id": "sg-021b18758b77268e3",
            "dhcp_options_id": "dopt-0b6ff7ef210665b90",
            "enable_dns_hostnames": false,
            "enable_dns_support": true,
            "enable_network_address_usage_metrics": false,
            "id": "vpc-0a53541d4231ed572",
            "instance_tenancy": "default",
            "ipv4_ipam_pool_id": null,
            "ipv4_netmask_length": null,
            "ipv6_association_id": "",
            "ipv6_cidr_block": "",
            "ipv6_cidr_block_network_border_group": "",
            "ipv6_ipam_pool_id": "",
            "ipv6_netmask_length": 0,
            "main_route_table_id": "rtb-03f0252cfeae57ba6",
            "owner_id": "016666638655",
            "tags": {
              "Name": "VPC-WebApp"
            },
            "tags_all": {
              "Name": "VPC-WebApp"
            }
          },
          "sensitive_attributes": [],
          "private": "eyJzY2hlbWFfdmVyc2lvbiI6IjEifQ=="
        }
      ]
    },
    {
      "module": "module.workers",
      "mode": "data",
      "type": "aws_vpc",
      "name": "default_vpc",
      "provider": "provider[\"registry.terraform.io/hashicorp/aws\"]",
      "instances": [
        {
          "schema_version": 0,
          "attributes": {
            "arn": "arn:aws:ec2:us-west-2:016666638655:vpc/vpc-0a6e45b70546e5b1f",
            "cidr_block": "172.31.0.0/16",
            "cidr_block_associations": [
              {
                "association_id": "vpc-cidr-assoc-04219a60e8b30434b",
                "cidr_block": "172.31.0.0/16",
                "state": "associated"
              }
            ],
            "default": true,
            "dhcp_options_id": "dopt-0b6ff7ef210665b90",
            "enable_dns_hostnames": true,
            "enable_dns_support": true,
            "enable_network_address_usage_metrics": false,
            "filter": null,
            "id": "vpc-0a6e45b70546e5b1f",
            "instance_tenancy": "default",
            "ipv6_association_id": "",
            "ipv6_cidr_block": "",
            "main_route_table_id": "rtb-070e503ae24341122",
            "owner_id": "016666638655",
            "state": null,
            "tags": {},
            "timeouts": null
          },
          "sensitive_attributes": []
        }
      ]
    },
    {
      "module": "module.workers",
      "mode": "managed",
      "type": "aws_instance",
      "name": "workers",
      "provider": "provider[\"registry.terraform.io/hashicorp/aws\"]",
      "instances": [
        {
          "index_key": 0,
          "schema_version": 1,
          "attributes": {
            "ami": "ami-04dd23e62ed049936",
            "arn": "arn:aws:ec2:us-west-2:016666638655:instance/i-0baf4f4990dfefef5",
            "associate_public_ip_address": true,
            "availability_zone": "us-west-2a",
            "capacity_reservation_specification": [
              {
                "capacity_reservation_preference": "open",
                "capacity_reservation_target": []
              }
            ],
            "cpu_core_count": 2,
            "cpu_options": [
              {
                "amd_sev_snp": "",
                "core_count": 2,
                "threads_per_core": 1
              }
            ],
            "cpu_threads_per_core": 1,
            "credit_specification": [
              {
                "cpu_credits": "standard"
              }
            ],
            "disable_api_stop": false,
            "disable_api_termination": false,
            "ebs_block_device": [],
            "ebs_optimized": false,
            "enclave_options": [
              {
                "enabled": false
              }
            ],
            "ephemeral_block_device": [],
            "get_password_data": false,
            "hibernation": false,
            "host_id": "",
            "host_resource_group_arn": null,
            "iam_instance_profile": "",
            "id": "i-0baf4f4990dfefef5",
            "instance_initiated_shutdown_behavior": "stop",
            "instance_lifecycle": "",
            "instance_market_options": [],
            "instance_state": "running",
            "instance_type": "t2.medium",
            "ipv6_address_count": 0,
            "ipv6_addresses": [],
            "key_name": "cluster_key",
            "launch_template": [],
            "maintenance_options": [
              {
                "auto_recovery": "default"
              }
            ],
            "metadata_options": [
              {
                "http_endpoint": "enabled",
                "http_protocol_ipv6": "disabled",
                "http_put_response_hop_limit": 2,
                "http_tokens": "required",
                "instance_metadata_tags": "disabled"
              }
            ],
            "monitoring": false,
            "network_interface": [],
            "outpost_arn": "",
            "password_data": "",
            "placement_group": "",
            "placement_partition_number": 0,
            "primary_network_interface_id": "eni-0443d91f6201bf6d2",
            "private_dns": "ip-10-0-1-111.us-west-2.compute.internal",
            "private_dns_name_options": [
              {
                "enable_resource_name_dns_a_record": false,
                "enable_resource_name_dns_aaaa_record": false,
                "hostname_type": "ip-name"
              }
            ],
            "private_ip": "10.0.1.111",
            "public_dns": "",
            "public_ip": "54.190.158.244",
            "root_block_device": [
              {
                "delete_on_termination": true,
                "device_name": "/dev/sda1",
                "encrypted": false,
                "iops": 3000,
                "kms_key_id": "",
                "tags": null,
                "tags_all": {},
                "throughput": 125,
                "volume_id": "vol-0df4c584be0c622e8",
                "volume_size": 8,
                "volume_type": "gp3"
              }
            ],
            "secondary_private_ips": [],
            "security_groups": [
              "sg-0ccaa714ed9d7b553"
            ],
            "source_dest_check": true,
            "spot_instance_request_id": "",
            "subnet_id": "subnet-0fdb7550d9a0ed0be",
            "tags": {
              "Name": "worker_0",
              "project": "kube-auto",
              "terraform": "true"
            },
            "tags_all": {
              "Name": "worker_0",
              "project": "kube-auto",
              "terraform": "true"
            },
            "tenancy": "default",
            "timeouts": null,
            "user_data": null,
            "user_data_base64": null,
            "user_data_replace_on_change": false,
            "volume_tags": null,
            "vpc_security_group_ids": [
              "sg-0ccaa714ed9d7b553"
            ]
          },
          "sensitive_attributes": [],
          "private": "eyJlMmJmYjczMC1lY2FhLTExZTYtOGY4OC0zNDM2M2JjN2M0YzAiOnsiY3JlYXRlIjo2MDAwMDAwMDAwMDAsImRlbGV0ZSI6MTIwMDAwMDAwMDAwMCwicmVhZCI6OTAwMDAwMDAwMDAwLCJ1cGRhdGUiOjYwMDAwMDAwMDAwMH0sInNjaGVtYV92ZXJzaW9uIjoiMSJ9",
          "dependencies": [
            "module.sg-create.aws_security_group.allow_tls_http_ssh",
            "module.vpc.aws_subnet.public_subnet_1",
            "module.vpc.aws_vpc.vpc"
          ]
        }
      ]
    }
  ],
  "check_results": null
}
